
Microsoft Visual Studio Solution File, Format Version 12.00
# Visual Studio Version 17
VisualStudioVersion = 17.8.34330.188
MinimumVisualStudioVersion = 10.0.40219.1
Project("{9A19103F-16F7-4668-BE54-9A1E7A4F7556}") = "TiskWASM.Server", "TiskWASM\Server\TiskWASM.Server.csproj", "{D49AD6C3-9668-4BFC-88B4-ACF16AAF5749}"
EndProject
Project("{9A19103F-16F7-4668-BE54-9A1E7A4F7556}") = "TiskWASM.Client", "TiskWASM\Client\TiskWASM.Client.csproj", "{DECE0B1E-2CDA-4570-A0FC-497B2004D1EF}"
EndProject
Project("{9A19103F-16F7-4668-BE54-9A1E7A4F7556}") = "TiskWASM.Shared", "TiskWASM\Shared\TiskWASM.Shared.csproj", "{66A02E2D-B83F-42A6-BAA9-7431EF2B00D5}"
EndProject
Global
	GlobalSection(SolutionConfigurationPlatforms) = preSolution
		Debug|Any CPU = Debug|Any CPU
		Release|Any CPU = Release|Any CPU
	EndGlobalSection
	GlobalSection(ProjectConfigurationPlatforms) = postSolution
		{D49AD6C3-9668-4BFC-88B4-ACF16AAF5749}.Debug|Any CPU.ActiveCfg = Debug|Any CPU
		{D49AD6C3-9668-4BFC-88B4-ACF16AAF5749}.Debug|Any CPU.Build.0 = Debug|Any CPU
		{D49AD6C3-9668-4BFC-88B4-ACF16AAF5749}.Release|Any CPU.ActiveCfg = Release|Any CPU
		{D49AD6C3-9668-4BFC-88B4-ACF16AAF5749}.Release|Any CPU.Build.0 = Release|Any CPU
		{DECE0B1E-2CDA-4570-A0FC-497B2004D1EF}.Debug|Any CPU.ActiveCfg = Debug|Any CPU
		{DECE0B1E-2CDA-4570-A0FC-497B2004D1EF}.Debug|Any CPU.Build.0 = Debug|Any CPU
		{DECE0B1E-2CDA-4570-A0FC-497B2004D1EF}.Release|Any CPU.ActiveCfg = Release|Any CPU
		{DECE0B1E-2CDA-4570-A0FC-497B2004D1EF}.Release|Any CPU.Build.0 = Release|Any CPU
		{66A02E2D-B83F-42A6-BAA9-7431EF2B00D5}.Debug|Any CPU.ActiveCfg = Debug|Any CPU
		{66A02E2D-B83F-42A6-BAA9-7431EF2B00D5}.Debug|Any CPU.Build.0 = Debug|Any CPU
		{66A02E2D-B83F-42A6-BAA9-7431EF2B00D5}.Release|Any CPU.ActiveCfg = Release|Any CPU
		{66A02E2D-B83F-42A6-BAA9-7431EF2B00D5}.Release|Any CPU.Build.0 = Release|Any CPU
	EndGlobalSection
	GlobalSection(SolutionProperties) = preSolution
		HideSolutionNode = FALSE
	EndGlobalSection
	GlobalSection(ExtensibilityGlobals) = postSolution
		SolutionGuid = {04707BE1-6DB3-4E8C-BC65-2FBB992CB9FF}
	EndGlobalSection
EndGlobal
